# This file was autogenerated by Stack.
# You should not edit this file by hand.
# For more information, please see the documentation at:
#   https://docs.haskellstack.org/en/stable/lock_files

packages:
- completed:
    hackage: postgresql-query-3.7.0@sha256:fe59d51c4c183120c66fcdc5b7cf909bcf6af1f43c1c33d1250b32382b1b06bf,5033
    pantry-tree:
      size: 2067
      sha256: 7c1bc5f9beebc839d05b8b12b69e0a89b840e656db9a2f9c859738e358596474
  original:
    hackage: postgresql-query-3.7.0
snapshots:
- completed:
    size: 498180
    url: https://raw.githubusercontent.com/commercialhaskell/stackage-snapshots/master/lts/13/21.yaml
    sha256: eff2de19a6d4691ccbf6edc1fba858f1918683047dce0f09adede874bbd2a8f3
  original: lts-13.21
